{
  "version": 4,
  "terraform_version": "1.6.6",
  "serial": 13,
  "lineage": "52f25845-a4ce-05e1-8cda-1726f12af010",
  "outputs": {
    "cloud_sql_connection_name": {
      "value": "case-suzano-pipeline-investing:us-central1:investing-db",
      "type": "string"
    },
    "composer_airflow_uri": {
      "value": "https://135c64787d8948f996a1041d1ee208ba-dot-us-central1.composer.googleusercontent.com",
      "type": "string"
    }
  },
  "resources": [
    {
      "mode": "managed",
      "type": "google_composer_environment",
      "name": "etl_airflow",
      "provider": "provider[\"registry.terraform.io/hashicorp/google\"]",
      "instances": [
        {
          "schema_version": 0,
          "attributes": {
            "config": [
              {
                "airflow_uri": "https://135c64787d8948f996a1041d1ee208ba-dot-us-central1.composer.googleusercontent.com",
                "dag_gcs_prefix": "gs://us-central1-composer-etl-f02cfb95-bucket/dags",
                "data_retention_config": [
                  {
                    "task_logs_retention_config": []
                  }
                ],
                "database_config": [],
                "encryption_config": [
                  {
                    "kms_key_name": ""
                  }
                ],
                "environment_size": "ENVIRONMENT_SIZE_SMALL",
                "gke_cluster": "",
                "maintenance_window": [],
                "master_authorized_networks_config": [],
                "node_config": [
                  {
                    "disk_size_gb": 0,
                    "enable_ip_masq_agent": false,
                    "ip_allocation_policy": [
                      {
                        "cluster_ipv4_cidr_block": "",
                        "cluster_secondary_range_name": "",
                        "services_ipv4_cidr_block": "",
                        "services_secondary_range_name": "",
                        "use_ip_aliases": false
                      }
                    ],
                    "machine_type": "",
                    "network": "",
                    "oauth_scopes": [],
                    "service_account": "267693454043-compute@developer.gserviceaccount.com",
                    "subnetwork": "",
                    "tags": [],
                    "zone": ""
                  }
                ],
                "node_count": 0,
                "private_environment_config": [],
                "recovery_config": [],
                "resilience_mode": "STANDARD_RESILIENCE",
                "software_config": [
                  {
                    "airflow_config_overrides": null,
                    "env_variables": null,
                    "image_version": "composer-3-airflow-2.10.5-build.2",
                    "pypi_packages": null,
                    "python_version": "",
                    "scheduler_count": 0
                  }
                ],
                "web_server_config": [],
                "web_server_network_access_control": [
                  {
                    "allowed_ip_range": [
                      {
                        "description": "Allows access from all IPv4 addresses (default value)",
                        "value": "0.0.0.0/0"
                      },
                      {
                        "description": "Allows access from all IPv6 addresses (default value)",
                        "value": "::0/0"
                      }
                    ]
                  }
                ],
                "workloads_config": [
                  {
                    "scheduler": [
                      {
                        "count": 1,
                        "cpu": 0.5,
                        "memory_gb": 2,
                        "storage_gb": 1
                      }
                    ],
                    "triggerer": [
                      {
                        "count": 1,
                        "cpu": 0.5,
                        "memory_gb": 1
                      }
                    ],
                    "web_server": [
                      {
                        "cpu": 1,
                        "memory_gb": 4,
                        "storage_gb": 1
                      }
                    ],
                    "worker": [
                      {
                        "cpu": 0.5,
                        "max_count": 3,
                        "memory_gb": 2,
                        "min_count": 1,
                        "storage_gb": 10
                      }
                    ]
                  }
                ]
              }
            ],
            "effective_labels": {},
            "id": "projects/case-suzano-pipeline-investing/locations/us-central1/environments/composer-etl",
            "labels": null,
            "name": "composer-etl",
            "project": "case-suzano-pipeline-investing",
            "region": "us-central1",
            "storage_config": [
              {
                "bucket": "us-central1-composer-etl-f02cfb95-bucket"
              }
            ],
            "terraform_labels": {},
            "timeouts": null
          },
          "sensitive_attributes": [],
          "private": "eyJlMmJmYjczMC1lY2FhLTExZTYtOGY4OC0zNDM2M2JjN2M0YzAiOnsiY3JlYXRlIjo3MjAwMDAwMDAwMDAwLCJkZWxldGUiOjE4MDAwMDAwMDAwMDAsInVwZGF0ZSI6NzIwMDAwMDAwMDAwMH19"
        }
      ]
    },
    {
      "mode": "managed",
      "type": "google_sql_database",
      "name": "investing",
      "provider": "provider[\"registry.terraform.io/hashicorp/google\"]",
      "instances": [
        {
          "schema_version": 0,
          "attributes": {
            "charset": "UTF8",
            "collation": "en_US.UTF8",
            "deletion_policy": "DELETE",
            "id": "projects/case-suzano-pipeline-investing/instances/investing-db/databases/investing",
            "instance": "investing-db",
            "name": "investing",
            "project": "case-suzano-pipeline-investing",
            "self_link": "https://sqladmin.googleapis.com/sql/v1beta4/projects/case-suzano-pipeline-investing/instances/investing-db/databases/investing",
            "timeouts": null
          },
          "sensitive_attributes": [],
          "private": "eyJlMmJmYjczMC1lY2FhLTExZTYtOGY4OC0zNDM2M2JjN2M0YzAiOnsiY3JlYXRlIjoxMjAwMDAwMDAwMDAwLCJkZWxldGUiOjEyMDAwMDAwMDAwMDAsInVwZGF0ZSI6MTIwMDAwMDAwMDAwMH19",
          "dependencies": [
            "google_sql_database_instance.investing_instance"
          ]
        }
      ]
    },
    {
      "mode": "managed",
      "type": "google_sql_database_instance",
      "name": "investing_instance",
      "provider": "provider[\"registry.terraform.io/hashicorp/google\"]",
      "instances": [
        {
          "schema_version": 0,
          "attributes": {
            "available_maintenance_versions": [],
            "clone": [],
            "connection_name": "case-suzano-pipeline-investing:us-central1:investing-db",
            "database_version": "POSTGRES_15",
            "deletion_protection": true,
            "dns_name": "",
            "encryption_key_name": null,
            "first_ip_address": "34.70.202.81",
            "id": "investing-db",
            "instance_type": "CLOUD_SQL_INSTANCE",
            "ip_address": [
              {
                "ip_address": "34.70.202.81",
                "time_to_retire": "",
                "type": "PRIMARY"
              },
              {
                "ip_address": "35.222.99.31",
                "time_to_retire": "",
                "type": "OUTGOING"
              }
            ],
            "maintenance_version": "POSTGRES_15_13.R20250302.00_19",
            "master_instance_name": "",
            "name": "investing-db",
            "private_ip_address": "",
            "project": "case-suzano-pipeline-investing",
            "psc_service_attachment_link": "",
            "public_ip_address": "34.70.202.81",
            "region": "us-central1",
            "replica_configuration": [],
            "restore_backup_context": [],
            "root_password": null,
            "self_link": "https://sqladmin.googleapis.com/sql/v1beta4/projects/case-suzano-pipeline-investing/instances/investing-db",
            "server_ca_cert": [
              {
                "cert": "-----BEGIN CERTIFICATE-----\nMIIDfzCCAmegAwIBAgIBADANBgkqhkiG9w0BAQsFADB3MS0wKwYDVQQuEyRhZWFl\nMmU5My1jMmQ0LTQ5NWYtYTM3YS00Nzg0YTI4NWNiZjYxIzAhBgNVBAMTGkdvb2ds\nZSBDbG91ZCBTUUwgU2VydmVyIENBMRQwEgYDVQQKEwtHb29nbGUsIEluYzELMAkG\nA1UEBhMCVVMwHhcNMjUwNTE5MTYxODQ5WhcNMzUwNTE3MTYxOTQ5WjB3MS0wKwYD\nVQQuEyRhZWFlMmU5My1jMmQ0LTQ5NWYtYTM3YS00Nzg0YTI4NWNiZjYxIzAhBgNV\nBAMTGkdvb2dsZSBDbG91ZCBTUUwgU2VydmVyIENBMRQwEgYDVQQKEwtHb29nbGUs\nIEluYzELMAkGA1UEBhMCVVMwggEiMA0GCSqGSIb3DQEBAQUAA4IBDwAwggEKAoIB\nAQDdUyMLXaYGTc6VC9Nr+XWKl6sHG1hn4SZQXPUiqqSDbx6ZPnhPvmsefiUQAb5U\niOCgoqQXmXCOX/CEC21DhLimdciv0xiLd4euzNU8NUpn/Bza8oGK7F40QIHR6dg4\n0IZcdIA6eQVQMF1ZFljxiP06Z1oTBjJtaz69dyI6up7SN1DO3c6LKAP0u99Itb96\ny6jxKiLz1055aWf+onyPTNGrbpF163LIK1OxERt8xFyku/UHfix1Na//GihU9bHw\n1AG4kkvUttK9itGSLLQ0hX7IwwYkp8Z04PVEz20PdZXpNkEFiDZnlgPfDGF7Qs+t\nmhIFODKUUkZchKpAITD19zspAgMBAAGjFjAUMBIGA1UdEwEB/wQIMAYBAf8CAQAw\nDQYJKoZIhvcNAQELBQADggEBAHpwAd/zVf1QZuPaXUp4xT21hd+5JAjilVQAde/r\nNTGbdnszrvhSOAAax6BjUmxUkbQQzG/uCMJj0AiMSRzVN6eHbAK1/A08793xLE30\n8YvaCTPnO67oFT+f+u4HsdurLmu+0KKUAN4owrBWIMb+ZdByHKfOk5yMear+YS0n\nuHwDmOKROOO1yKVukOTmKfd7QTrZIaG7lYbMV2VsxiNeHqDEFm8clFHCkx6StO7h\n6t5pf0MW7IZ6wd7Bp0Z8N6uJivoyETmLOGJpOiEzVZcx91+mSB6uqjJGG5nsNL3d\nobGN9DlXyhh+zxFGYIXh1YoNJsUsQRSC9yLA7r9zeAM+xQ4=\n-----END CERTIFICATE-----",
                "common_name": "C=US,O=Google\\, Inc,CN=Google Cloud SQL Server CA,dnQualifier=aeae2e93-c2d4-495f-a37a-4784a285cbf6",
                "create_time": "2025-05-19T16:18:49.126Z",
                "expiration_time": "2035-05-17T16:19:49.126Z",
                "sha1_fingerprint": "0a15a179da848d4fbad2b70dd6073e99288d528c"
              }
            ],
            "service_account_email_address": "p267693454043-9rqi0i@gcp-sa-cloud-sql.iam.gserviceaccount.com",
            "settings": [
              {
                "activation_policy": "ALWAYS",
                "active_directory_config": [],
                "advanced_machine_features": [],
                "availability_type": "ZONAL",
                "backup_configuration": [
                  {
                    "backup_retention_settings": [
                      {
                        "retained_backups": 7,
                        "retention_unit": "COUNT"
                      }
                    ],
                    "binary_log_enabled": false,
                    "enabled": false,
                    "location": "",
                    "point_in_time_recovery_enabled": false,
                    "start_time": "22:00",
                    "transaction_log_retention_days": 7
                  }
                ],
                "collation": "",
                "connector_enforcement": "NOT_REQUIRED",
                "data_cache_config": [],
                "database_flags": [],
                "deletion_protection_enabled": false,
                "deny_maintenance_period": [],
                "disk_autoresize": true,
                "disk_autoresize_limit": 0,
                "disk_size": 10,
                "disk_type": "PD_SSD",
                "edition": "ENTERPRISE",
                "enable_google_ml_integration": false,
                "insights_config": [],
                "ip_configuration": [
                  {
                    "allocated_ip_range": "",
                    "authorized_networks": [
                      {
                        "expiration_time": "",
                        "name": "liberar-tudo",
                        "value": "0.0.0.0/0"
                      }
                    ],
                    "enable_private_path_for_google_cloud_services": false,
                    "ipv4_enabled": true,
                    "private_network": "",
                    "psc_config": [],
                    "require_ssl": false,
                    "ssl_mode": ""
                  }
                ],
                "location_preference": [
                  {
                    "follow_gae_application": "",
                    "secondary_zone": "",
                    "zone": "us-central1-c"
                  }
                ],
                "maintenance_window": [],
                "password_validation_policy": [],
                "pricing_plan": "PER_USE",
                "sql_server_audit_config": [],
                "tier": "db-f1-micro",
                "time_zone": "",
                "user_labels": {},
                "version": 1
              }
            ],
            "timeouts": null
          },
          "sensitive_attributes": [],
          "private": "eyJlMmJmYjczMC1lY2FhLTExZTYtOGY4OC0zNDM2M2JjN2M0YzAiOnsiY3JlYXRlIjoyNDAwMDAwMDAwMDAwLCJkZWxldGUiOjE4MDAwMDAwMDAwMDAsInVwZGF0ZSI6MTgwMDAwMDAwMDAwMH19"
        }
      ]
    },
    {
      "mode": "managed",
      "type": "google_sql_user",
      "name": "default",
      "provider": "provider[\"registry.terraform.io/hashicorp/google\"]",
      "instances": [
        {
          "schema_version": 1,
          "attributes": {
            "deletion_policy": null,
            "host": "",
            "id": "postgres//investing-db",
            "instance": "investing-db",
            "name": "postgres",
            "password": "1234",
            "password_policy": [],
            "project": "case-suzano-pipeline-investing",
            "sql_server_user_details": [],
            "timeouts": null,
            "type": ""
          },
          "sensitive_attributes": [],
          "private": "eyJlMmJmYjczMC1lY2FhLTExZTYtOGY4OC0zNDM2M2JjN2M0YzAiOnsiY3JlYXRlIjo2MDAwMDAwMDAwMDAsImRlbGV0ZSI6NjAwMDAwMDAwMDAwLCJ1cGRhdGUiOjYwMDAwMDAwMDAwMH0sInNjaGVtYV92ZXJzaW9uIjoiMSJ9",
          "dependencies": [
            "google_sql_database_instance.investing_instance"
          ]
        }
      ]
    }
  ],
  "check_results": null
}
